
Microsoft Visual Studio Solution File, Format Version 12.00
Project("{FAE04EC0-301F-11D3-BF4B-00C04F79EFBC}") = "SystemDebug", "SystemDebug\SystemDebug.csproj", "{8CD4788C-75F5-4468-BB7E-02C477C4792B}"
EndProject
Global
	GlobalSection(SolutionConfigurationPlatforms) = preSolution
		Debug|Any CPU = Debug|Any CPU
		Release|Any CPU = Release|Any CPU
	EndGlobalSection
	GlobalSection(ProjectConfigurationPlatforms) = postSolution
		{8CD4788C-75F5-4468-BB7E-02C477C4792B}.Debug|Any CPU.ActiveCfg = Debug|Any CPU
		{8CD4788C-75F5-4468-BB7E-02C477C4792B}.Debug|Any CPU.Build.0 = Debug|Any CPU
		{8CD4788C-75F5-4468-BB7E-02C477C4792B}.Release|Any CPU.ActiveCfg = Release|Any CPU
		{8CD4788C-75F5-4468-BB7E-02C477C4792B}.Release|Any CPU.Build.0 = Release|Any CPU
	EndGlobalSection
EndGlobal
